
Microsoft Visual Studio Solution File, Format Version 12.00
# Visual Studio Version 16
VisualStudioVersion = 16.0.31424.327
MinimumVisualStudioVersion = 10.0.40219.1
Project("{9A19103F-16F7-4668-BE54-9A1E7A4F7556}") = "Task2", "Task1\Task2.csproj", "{92DCF4B7-1604-4372-8EBA-D21639B6340D}"
EndProject
Project("{9A19103F-16F7-4668-BE54-9A1E7A4F7556}") = "AdditionalTask", "AdditionalTask\AdditionalTask.csproj", "{FC65FD59-347A-46EC-A8E6-7DB4562AE1F5}"
EndProject
Project("{9A19103F-16F7-4668-BE54-9A1E7A4F7556}") = "Task3", "Task3\Task3.csproj", "{5A034276-C435-49EF-B072-78C2C7537BF0}"
EndProject
Project("{FAE04EC0-301F-11D3-BF4B-00C04F79EFBC}") = "Task4", "Task4\Task4.csproj", "{AB7FE571-17B6-4947-AF0B-F0B723321201}"
EndProject
Global
	GlobalSection(SolutionConfigurationPlatforms) = preSolution
		Debug|Any CPU = Debug|Any CPU
		Release|Any CPU = Release|Any CPU
	EndGlobalSection
	GlobalSection(ProjectConfigurationPlatforms) = postSolution
		{92DCF4B7-1604-4372-8EBA-D21639B6340D}.Debug|Any CPU.ActiveCfg = Debug|Any CPU
		{92DCF4B7-1604-4372-8EBA-D21639B6340D}.Debug|Any CPU.Build.0 = Debug|Any CPU
		{92DCF4B7-1604-4372-8EBA-D21639B6340D}.Release|Any CPU.ActiveCfg = Release|Any CPU
		{92DCF4B7-1604-4372-8EBA-D21639B6340D}.Release|Any CPU.Build.0 = Release|Any CPU
		{FC65FD59-347A-46EC-A8E6-7DB4562AE1F5}.Debug|Any CPU.ActiveCfg = Debug|Any CPU
		{FC65FD59-347A-46EC-A8E6-7DB4562AE1F5}.Debug|Any CPU.Build.0 = Debug|Any CPU
		{FC65FD59-347A-46EC-A8E6-7DB4562AE1F5}.Release|Any CPU.ActiveCfg = Release|Any CPU
		{FC65FD59-347A-46EC-A8E6-7DB4562AE1F5}.Release|Any CPU.Build.0 = Release|Any CPU
		{5A034276-C435-49EF-B072-78C2C7537BF0}.Debug|Any CPU.ActiveCfg = Debug|Any CPU
		{5A034276-C435-49EF-B072-78C2C7537BF0}.Debug|Any CPU.Build.0 = Debug|Any CPU
		{5A034276-C435-49EF-B072-78C2C7537BF0}.Release|Any CPU.ActiveCfg = Release|Any CPU
		{5A034276-C435-49EF-B072-78C2C7537BF0}.Release|Any CPU.Build.0 = Release|Any CPU
		{AB7FE571-17B6-4947-AF0B-F0B723321201}.Debug|Any CPU.ActiveCfg = Debug|Any CPU
		{AB7FE571-17B6-4947-AF0B-F0B723321201}.Debug|Any CPU.Build.0 = Debug|Any CPU
		{AB7FE571-17B6-4947-AF0B-F0B723321201}.Release|Any CPU.ActiveCfg = Release|Any CPU
		{AB7FE571-17B6-4947-AF0B-F0B723321201}.Release|Any CPU.Build.0 = Release|Any CPU
	EndGlobalSection
	GlobalSection(SolutionProperties) = preSolution
		HideSolutionNode = FALSE
	EndGlobalSection
	GlobalSection(ExtensibilityGlobals) = postSolution
		SolutionGuid = {C3B14831-A1CD-48E0-876D-375F51B9DED1}
	EndGlobalSection
EndGlobal
